// !$*UTF8*$!
{
	archiveVersion = 1;
	classes = {
	};
	objectVersion = 46;
	objects = {

/* Begin PBXBuildFile section */
		200D7FC71F500A0500364915 /* main.m in Sources */ = {isa = PBXBuildFile; fileRef = 200D7FC61F500A0500364915 /* main.m */; };
		200D7FCA1F500A0500364915 /* AppDelegate.m in Sources */ = {isa = PBXBuildFile; fileRef = 200D7FC91F500A0500364915 /* AppDelegate.m */; };
		200D7FCD1F500A0500364915 /* ViewController.m in Sources */ = {isa = PBXBuildFile; fileRef = 200D7FCC1F500A0500364915 /* ViewController.m */; };
		200D7FD01F500A0500364915 /* Main.storyboard in Resources */ = {isa = PBXBuildFile; fileRef = 200D7FCE1F500A0500364915 /* Main.storyboard */; };
		200D7FD21F500A0500364915 /* Assets.xcassets in Resources */ = {isa = PBXBuildFile; fileRef = 200D7FD11F500A0500364915 /* Assets.xcassets */; };
		200D7FD51F500A0500364915 /* LaunchScreen.storyboard in Resources */ = {isa = PBXBuildFile; fileRef = 200D7FD31F500A0500364915 /* LaunchScreen.storyboard */; };
		200D7FE01F500A0500364915 /* ZJHtmlRendererDemoTests.m in Sources */ = {isa = PBXBuildFile; fileRef = 200D7FDF1F500A0500364915 /* ZJHtmlRendererDemoTests.m */; };
		200D7FEB1F500A0500364915 /* ZJHtmlRendererDemoUITests.m in Sources */ = {isa = PBXBuildFile; fileRef = 200D7FEA1F500A0500364915 /* ZJHtmlRendererDemoUITests.m */; };
		200D7FFD1F500F7700364915 /* UIView+Snapshot.m in Sources */ = {isa = PBXBuildFile; fileRef = 200D7FFA1F500F7700364915 /* UIView+Snapshot.m */; };
		200D7FFE1F500F7700364915 /* ZJHtmlRenderer.m in Sources */ = {isa = PBXBuildFile; fileRef = 200D7FFC1F500F7700364915 /* ZJHtmlRenderer.m */; };
/* End PBXBuildFile section */

/* Begin PBXContainerItemProxy section */
		200D7FDC1F500A0500364915 /* PBXContainerItemProxy */ = {
			isa = PBXContainerItemProxy;
			containerPortal = 200D7FBA1F500A0500364915 /* Project object */;
			proxyType = 1;
			remoteGlobalIDString = 200D7FC11F500A0500364915;
			remoteInfo = ZJHtmlRendererDemo;
		};
		200D7FE71F500A0500364915 /* PBXContainerItemProxy */ = {
			isa = PBXContainerItemProxy;
			containerPortal = 200D7FBA1F500A0500364915 /* Project object */;
			proxyType = 1;
			remoteGlobalIDString = 200D7FC11F500A0500364915;
			remoteInfo = ZJHtmlRendererDemo;
		};
/* End PBXContainerItemProxy section */

/* Begin PBXFileReference section */
		200D7FC21F500A0500364915 /* ZJHtmlRendererDemo.app */ = {isa = PBXFileReference; explicitFileType = wrapper.application; includeInIndex = 0; path = ZJHtmlRendererDemo.app; sourceTree = BUILT_PRODUCTS_DIR; };
		200D7FC61F500A0500364915 /* main.m */ = {isa = PBXFileReference; lastKnownFileType = sourcecode.c.objc; path = main.m; sourceTree = "<group>"; };
		200D7FC81F500A0500364915 /* AppDelegate.h */ = {isa = PBXFileReference; lastKnownFileType = sourcecode.c.h; path = AppDelegate.h; sourceTree = "<group>"; };
		200D7FC91F500A0500364915 /* AppDelegate.m */ = {isa = PBXFileReference; lastKnownFileType = sourcecode.c.objc; path = AppDelegate.m; sourceTree = "<group>"; };
		200D7FCB1F500A0500364915 /* ViewController.h */ = {isa = PBXFileReference; lastKnownFileType = sourcecode.c.h; path = ViewController.h; sourceTree = "<group>"; };
		200D7FCC1F500A0500364915 /* ViewController.m */ = {isa = PBXFileReference; lastKnownFileType = sourcecode.c.objc; path = ViewController.m; sourceTree = "<group>"; };
		200D7FCF1F500A0500364915 /* Base */ = {isa = PBXFileReference; lastKnownFileType = file.storyboard; name = Base; path = Base.lproj/Main.storyboard; sourceTree = "<group>"; };
		200D7FD11F500A0500364915 /* Assets.xcassets */ = {isa = PBXFileReference; lastKnownFileType = folder.assetcatalog; path = Assets.xcassets; sourceTree = "<group>"; };
		200D7FD41F500A0500364915 /* Base */ = {isa = PBXFileReference; lastKnownFileType = file.storyboard; name = Base; path = Base.lproj/LaunchScreen.storyboard; sourceTree = "<group>"; };
		200D7FD61F500A0500364915 /* Info.plist */ = {isa = PBXFileReference; lastKnownFileType = text.plist.xml; path = Info.plist; sourceTree = "<group>"; };
		200D7FDB1F500A0500364915 /* ZJHtmlRendererDemoTests.xctest */ = {isa = PBXFileReference; explicitFileType = wrapper.cfbundle; includeInIndex = 0; path = ZJHtmlRendererDemoTests.xctest; sourceTree = BUILT_PRODUCTS_DIR; };
		200D7FDF1F500A0500364915 /* ZJHtmlRendererDemoTests.m */ = {isa = PBXFileReference; lastKnownFileType = sourcecode.c.objc; path = ZJHtmlRendererDemoTests.m; sourceTree = "<group>"; };
		200D7FE11F500A0500364915 /* Info.plist */ = {isa = PBXFileReference; lastKnownFileType = text.plist.xml; path = Info.plist; sourceTree = "<group>"; };
		200D7FE61F500A0500364915 /* ZJHtmlRendererDemoUITests.xctest */ = {isa = PBXFileReference; explicitFileType = wrapper.cfbundle; includeInIndex = 0; path = ZJHtmlRendererDemoUITests.xctest; sourceTree = BUILT_PRODUCTS_DIR; };
		200D7FEA1F500A0500364915 /* ZJHtmlRendererDemoUITests.m */ = {isa = PBXFileReference; lastKnownFileType = sourcecode.c.objc; path = ZJHtmlRendererDemoUITests.m; sourceTree = "<group>"; };
		200D7FEC1F500A0500364915 /* Info.plist */ = {isa = PBXFileReference; lastKnownFileType = text.plist.xml; path = Info.plist; sourceTree = "<group>"; };
		200D7FF91F500F7700364915 /* UIView+Snapshot.h */ = {isa = PBXFileReference; fileEncoding = 4; lastKnownFileType = sourcecode.c.h; path = "UIView+Snapshot.h"; sourceTree = "<group>"; };
		200D7FFA1F500F7700364915 /* UIView+Snapshot.m */ = {isa = PBXFileReference; fileEncoding = 4; lastKnownFileType = sourcecode.c.objc; path = "UIView+Snapshot.m"; sourceTree = "<group>"; };
		200D7FFB1F500F7700364915 /* ZJHtmlRenderer.h */ = {isa = PBXFileReference; fileEncoding = 4; lastKnownFileType = sourcecode.c.h; path = ZJHtmlRenderer.h; sourceTree = "<group>"; };
		200D7FFC1F500F7700364915 /* ZJHtmlRenderer.m */ = {isa = PBXFileReference; fileEncoding = 4; lastKnownFileType = sourcecode.c.objc; path = ZJHtmlRenderer.m; sourceTree = "<group>"; };
/* End PBXFileReference section */

/* Begin PBXFrameworksBuildPhase section */
		200D7FBF1F500A0500364915 /* Frameworks */ = {
			isa = PBXFrameworksBuildPhase;
			buildActionMask = 2147483647;
			files = (
			);
			runOnlyForDeploymentPostprocessing = 0;
		};
		200D7FD81F500A0500364915 /* Frameworks */ = {
			isa = PBXFrameworksBuildPhase;
			buildActionMask = 2147483647;
			files = (
			);
			runOnlyForDeploymentPostprocessing = 0;
		};
		200D7FE31F500A0500364915 /* Frameworks */ = {
			isa = PBXFrameworksBuildPhase;
			buildActionMask = 2147483647;
			files = (
			);
			runOnlyForDeploymentPostprocessing = 0;
		};
/* End PBXFrameworksBuildPhase section */

/* Begin PBXGroup section */
		200D7FB91F500A0500364915 = {
			isa = PBXGroup;
			children = (
				200D7FC41F500A0500364915 /* ZJHtmlRendererDemo */,
				200D7FDE1F500A0500364915 /* ZJHtmlRendererDemoTests */,
				200D7FE91F500A0500364915 /* ZJHtmlRendererDemoUITests */,
				200D7FC31F500A0500364915 /* Products */,
			);
			sourceTree = "<group>";
		};
		200D7FC31F500A0500364915 /* Products */ = {
			isa = PBXGroup;
			children = (
				200D7FC21F500A0500364915 /* ZJHtmlRendererDemo.app */,
				200D7FDB1F500A0500364915 /* ZJHtmlRendererDemoTests.xctest */,
				200D7FE61F500A0500364915 /* ZJHtmlRendererDemoUITests.xctest */,
			);
			name = Products;
			sourceTree = "<group>";
		};
		200D7FC41F500A0500364915 /* ZJHtmlRendererDemo */ = {
			isa = PBXGroup;
			children = (
				200D7FF81F500F7700364915 /* ZJHtmlRenderer */,
				200D7FC81F500A0500364915 /* AppDelegate.h */,
				200D7FC91F500A0500364915 /* AppDelegate.m */,
				200D7FCB1F500A0500364915 /* ViewController.h */,
				200D7FCC1F500A0500364915 /* ViewController.m */,
				200D7FCE1F500A0500364915 /* Main.storyboard */,
				200D7FD11F500A0500364915 /* Assets.xcassets */,
				200D7FD31F500A0500364915 /* LaunchScreen.storyboard */,
				200D7FD61F500A0500364915 /* Info.plist */,
				200D7FC51F500A0500364915 /* Supporting Files */,
			);
			path = ZJHtmlRendererDemo;
			sourceTree = "<group>";
		};
		200D7FC51F500A0500364915 /* Supporting Files */ = {
			isa = PBXGroup;
			children = (
				200D7FC61F500A0500364915 /* main.m */,
			);
			name = "Supporting Files";
			sourceTree = "<group>";
		};
		200D7FDE1F500A0500364915 /* ZJHtmlRendererDemoTests */ = {
			isa = PBXGroup;
			children = (
				200D7FDF1F500A0500364915 /* ZJHtmlRendererDemoTests.m */,
				200D7FE11F500A0500364915 /* Info.plist */,
			);
			path = ZJHtmlRendererDemoTests;
			sourceTree = "<group>";
		};
		200D7FE91F500A0500364915 /* ZJHtmlRendererDemoUITests */ = {
			isa = PBXGroup;
			children = (
				200D7FEA1F500A0500364915 /* ZJHtmlRendererDemoUITests.m */,
				200D7FEC1F500A0500364915 /* Info.plist */,
			);
			path = ZJHtmlRendererDemoUITests;
			sourceTree = "<group>";
		};
		200D7FF81F500F7700364915 /* ZJHtmlRenderer */ = {
			isa = PBXGroup;
			children = (
				200D7FF91F500F7700364915 /* UIView+Snapshot.h */,
				200D7FFA1F500F7700364915 /* UIView+Snapshot.m */,
				200D7FFB1F500F7700364915 /* ZJHtmlRenderer.h */,
				200D7FFC1F500F7700364915 /* ZJHtmlRenderer.m */,
			);
			name = ZJHtmlRenderer;
			path = ../../ZJHtmlRenderer;
			sourceTree = "<group>";
		};
/* End PBXGroup section */

/* Begin PBXNativeTarget section */
		200D7FC11F500A0500364915 /* ZJHtmlRendererDemo */ = {
			isa = PBXNativeTarget;
			buildConfigurationList = 200D7FEF1F500A0500364915 /* Build configuration list for PBXNativeTarget "ZJHtmlRendererDemo" */;
			buildPhases = (
				200D7FBE1F500A0500364915 /* Sources */,
				200D7FBF1F500A0500364915 /* Frameworks */,
				200D7FC01F500A0500364915 /* Resources */,
			);
			buildRules = (
			);
			dependencies = (
			);
			name = ZJHtmlRendererDemo;
			productName = ZJHtmlRendererDemo;
			productReference = 200D7FC21F500A0500364915 /* ZJHtmlRendererDemo.app */;
			productType = "com.apple.product-type.application";
		};
		200D7FDA1F500A0500364915 /* ZJHtmlRendererDemoTests */ = {
			isa = PBXNativeTarget;
			buildConfigurationList = 200D7FF21F500A0500364915 /* Build configuration list for PBXNativeTarget "ZJHtmlRendererDemoTests" */;
			buildPhases = (
				200D7FD71F500A0500364915 /* Sources */,
				200D7FD81F500A0500364915 /* Frameworks */,
				200D7FD91F500A0500364915 /* Resources */,
			);
			buildRules = (
			);
			dependencies = (
				200D7FDD1F500A0500364915 /* PBXTargetDependency */,
			);
			name = ZJHtmlRendererDemoTests;
			productName = ZJHtmlRendererDemoTests;
			productReference = 200D7FDB1F500A0500364915 /* ZJHtmlRendererDemoTests.xctest */;
			productType = "com.apple.product-type.bundle.unit-test";
		};
		200D7FE51F500A0500364915 /* ZJHtmlRendererDemoUITests */ = {
			isa = PBXNativeTarget;
			buildConfigurationList = 200D7FF51F500A0500364915 /* Build configuration list for PBXNativeTarget "ZJHtmlRendererDemoUITests" */;
			buildPhases = (
				200D7FE21F500A0500364915 /* Sources */,
				200D7FE31F500A0500364915 /* Frameworks */,
				200D7FE41F500A0500364915 /* Resources */,
			);
			buildRules = (
			);
			dependencies = (
				200D7FE81F500A0500364915 /* PBXTargetDependency */,
			);
			name = ZJHtmlRendererDemoUITests;
			productName = ZJHtmlRendererDemoUITests;
			productReference = 200D7FE61F500A0500364915 /* ZJHtmlRendererDemoUITests.xctest */;
			productType = "com.apple.product-type.bundle.ui-testing";
		};
/* End PBXNativeTarget section */

/* Begin PBXProject section */
		200D7FBA1F500A0500364915 /* Project object */ = {
			isa = PBXProject;
			attributes = {
				LastUpgradeCheck = 0830;
				ORGANIZATIONNAME = Evan;
				TargetAttributes = {
					200D7FC11F500A0500364915 = {
						CreatedOnToolsVersion = 8.3.3;
						DevelopmentTeam = QH9L9GBR46;
						ProvisioningStyle = Automatic;
					};
					200D7FDA1F500A0500364915 = {
						CreatedOnToolsVersion = 8.3.3;
						ProvisioningStyle = Automatic;
						TestTargetID = 200D7FC11F500A0500364915;
					};
					200D7FE51F500A0500364915 = {
						CreatedOnToolsVersion = 8.3.3;
						ProvisioningStyle = Automatic;
						TestTargetID = 200D7FC11F500A0500364915;
					};
				};
			};
			buildConfigurationList = 200D7FBD1F500A0500364915 /* Build configuration list for PBXProject "ZJHtmlRendererDemo" */;
			compatibilityVersion = "Xcode 3.2";
			developmentRegion = English;
			hasScannedForEncodings = 0;
			knownRegions = (
				en,
				Base,
			);
			mainGroup = 200D7FB91F500A0500364915;
			productRefGroup = 200D7FC31F500A0500364915 /* Products */;
			projectDirPath = "";
			projectRoot = "";
			targets = (
				200D7FC11F500A0500364915 /* ZJHtmlRendererDemo */,
				200D7FDA1F500A0500364915 /* ZJHtmlRendererDemoTests */,
				200D7FE51F500A0500364915 /* ZJHtmlRendererDemoUITests */,
			);
		};
/* End PBXProject section */

/* Begin PBXResourcesBuildPhase section */
		200D7FC01F500A0500364915 /* Resources */ = {
			isa = PBXResourcesBuildPhase;
			buildActionMask = 2147483647;
			files = (
				200D7FD51F500A0500364915 /* LaunchScreen.storyboard in Resources */,
				200D7FD21F500A0500364915 /* Assets.xcassets in Resources */,
				200D7FD01F500A0500364915 /* Main.storyboard in Resources */,
			);
			runOnlyForDeploymentPostprocessing = 0;
		};
		200D7FD91F500A0500364915 /* Resources */ = {
			isa = PBXResourcesBuildPhase;
			buildActionMask = 2147483647;
			files = (
			);
			runOnlyForDeploymentPostprocessing = 0;
		};
		200D7FE41F500A0500364915 /* Resources */ = {
			isa = PBXResourcesBuildPhase;
			buildActionMask = 2147483647;
			files = (
			);
			runOnlyForDeploymentPostprocessing = 0;
		};
/* End PBXResourcesBuildPhase section */

/* Begin PBXSourcesBuildPhase section */
		200D7FBE1F500A0500364915 /* Sources */ = {
			isa = PBXSourcesBuildPhase;
			buildActionMask = 2147483647;
			files = (
				200D7FFD1F500F7700364915 /* UIView+Snapshot.m in Sources */,
				200D7FCD1F500A0500364915 /* ViewController.m in Sources */,
				200D7FFE1F500F7700364915 /* ZJHtmlRenderer.m in Sources */,
				200D7FCA1F500A0500364915 /* AppDelegate.m in Sources */,
				200D7FC71F500A0500364915 /* main.m in Sources */,
			);
			runOnlyForDeploymentPostprocessing = 0;
		};
		200D7FD71F500A0500364915 /* Sources */ = {
			isa = PBXSourcesBuildPhase;
			buildActionMask = 2147483647;
			files = (
				200D7FE01F500A0500364915 /* ZJHtmlRendererDemoTests.m in Sources */,
			);
			runOnlyForDeploymentPostprocessing = 0;
		};
		200D7FE21F500A0500364915 /* Sources */ = {
			isa = PBXSourcesBuildPhase;
			buildActionMask = 2147483647;
			files = (
				200D7FEB1F500A0500364915 /* ZJHtmlRendererDemoUITests.m in Sources */,
			);
			runOnlyForDeploymentPostprocessing = 0;
		};
/* End PBXSourcesBuildPhase section */

/* Begin PBXTargetDependency section */
		200D7FDD1F500A0500364915 /* PBXTargetDependency */ = {
			isa = PBXTargetDependency;
			target = 200D7FC11F500A0500364915 /* ZJHtmlRendererDemo */;
			targetProxy = 200D7FDC1F500A0500364915 /* PBXContainerItemProxy */;
		};
		200D7FE81F500A0500364915 /* PBXTargetDependency */ = {
			isa = PBXTargetDependency;
			target = 200D7FC11F500A0500364915 /* ZJHtmlRendererDemo */;
			targetProxy = 200D7FE71F500A0500364915 /* PBXContainerItemProxy */;
		};
/* End PBXTargetDependency section */

/* Begin PBXVariantGroup section */
		200D7FCE1F500A0500364915 /* Main.storyboard */ = {
			isa = PBXVariantGroup;
			children = (
				200D7FCF1F500A0500364915 /* Base */,
			);
			name = Main.storyboard;
			sourceTree = "<group>";
		};
		200D7FD31F500A0500364915 /* LaunchScreen.storyboard */ = {
			isa = PBXVariantGroup;
			children = (
				200D7FD41F500A0500364915 /* Base */,
			);
			name = LaunchScreen.storyboard;
			sourceTree = "<group>";
		};
/* End PBXVariantGroup section */

/* Begin XCBuildConfiguration section */
		200D7FED1F500A0500364915 /* Debug */ = {
			isa = XCBuildConfiguration;
			buildSettings = {
				ALWAYS_SEARCH_USER_PATHS = NO;
				CLANG_ANALYZER_NONNULL = YES;
				CLANG_ANALYZER_NUMBER_OBJECT_CONVERSION = YES_AGGRESSIVE;
				CLANG_CXX_LANGUAGE_STANDARD = "gnu++0x";
				CLANG_CXX_LIBRARY = "libc++";
				CLANG_ENABLE_MODULES = YES;
				CLANG_ENABLE_OBJC_ARC = YES;
				CLANG_WARN_BOOL_CONVERSION = YES;
				CLANG_WARN_CONSTANT_CONVERSION = YES;
				CLANG_WARN_DIRECT_OBJC_ISA_USAGE = YES_ERROR;
				CLANG_WARN_DOCUMENTATION_COMMENTS = YES;
				CLANG_WARN_EMPTY_BODY = YES;
				CLANG_WARN_ENUM_CONVERSION = YES;
				CLANG_WARN_INFINITE_RECURSION = YES;
				CLANG_WARN_INT_CONVERSION = YES;
				CLANG_WARN_OBJC_ROOT_CLASS = YES_ERROR;
				CLANG_WARN_SUSPICIOUS_MOVE = YES;
				CLANG_WARN_UNREACHABLE_CODE = YES;
				CLANG_WARN__DUPLICATE_METHOD_MATCH = YES;
				"CODE_SIGN_IDENTITY[sdk=iphoneos*]" = "iPhone Developer";
				COPY_PHASE_STRIP = NO;
				DEBUG_INFORMATION_FORMAT = dwarf;
				ENABLE_STRICT_OBJC_MSGSEND = YES;
				ENABLE_TESTABILITY = YES;
				GCC_C_LANGUAGE_STANDARD = gnu99;
				GCC_DYNAMIC_NO_PIC = NO;
				GCC_NO_COMMON_BLOCKS = YES;
				GCC_OPTIMIZATION_LEVEL = 0;
				GCC_PREPROCESSOR_DEFINITIONS = (
					"DEBUG=1",
					"$(inherited)",
				);
				GCC_WARN_64_TO_32_BIT_CONVERSION = YES;
				GCC_WARN_ABOUT_RETURN_TYPE = YES_ERROR;
				GCC_WARN_UNDECLARED_SELECTOR = YES;
				GCC_WARN_UNINITIALIZED_AUTOS = YES_AGGRESSIVE;
				GCC_WARN_UNUSED_FUNCTION = YES;
				GCC_WARN_UNUSED_VARIABLE = YES;
				IPHONEOS_DEPLOYMENT_TARGET = 8.0;
				MTL_ENABLE_DEBUG_INFO = YES;
				ONLY_ACTIVE_ARCH = YES;
				SDKROOT = iphoneos;
				TARGETED_DEVICE_FAMILY = "1,2";
			};
			name = Debug;
		};
		200D7FEE1F500A0500364915 /* Release */ = {
			isa = XCBuildConfiguration;
			buildSettings = {
				ALWAYS_SEARCH_USER_PATHS = NO;
				CLANG_ANALYZER_NONNULL = YES;
				CLANG_ANALYZER_NUMBER_OBJECT_CONVERSION = YES_AGGRESSIVE;
				CLANG_CXX_LANGUAGE_STANDARD = "gnu++0x";
				CLANG_CXX_LIBRARY = "libc++";
				CLANG_ENABLE_MODULES = YES;
				CLANG_ENABLE_OBJC_ARC = YES;
				CLANG_WARN_BOOL_CONVERSION = YES;
				CLANG_WARN_CONSTANT_CONVERSION = YES;
				CLANG_WARN_DIRECT_OBJC_ISA_USAGE = YES_ERROR;
				CLANG_WARN_DOCUMENTATION_COMMENTS = YES;
				CLANG_WARN_EMPTY_BODY = YES;
				CLANG_WARN_ENUM_CONVERSION = YES;
				CLANG_WARN_INFINITE_RECURSION = YES;
				CLANG_WARN_INT_CONVERSION = YES;
				CLANG_WARN_OBJC_ROOT_CLASS = YES_ERROR;
				CLANG_WARN_SUSPICIOUS_MOVE = YES;
				CLANG_WARN_UNREACHABLE_CODE = YES;
				CLANG_WARN__DUPLICATE_METHOD_MATCH = YES;
				"CODE_SIGN_IDENTITY[sdk=iphoneos*]" = "iPhone Developer";
				COPY_PHASE_STRIP = NO;
				DEBUG_INFORMATION_FORMAT = "dwarf-with-dsym";
				ENABLE_NS_ASSERTIONS = NO;
				ENABLE_STRICT_OBJC_MSGSEND = YES;
				GCC_C_LANGUAGE_STANDARD = gnu99;
				GCC_NO_COMMON_BLOCKS = YES;
				GCC_WARN_64_TO_32_BIT_CONVERSION = YES;
				GCC_WARN_ABOUT_RETURN_TYPE = YES_ERROR;
				GCC_WARN_UNDECLARED_SELECTOR = YES;
				GCC_WARN_UNINITIALIZED_AUTOS = YES_AGGRESSIVE;
				GCC_WARN_UNUSED_FUNCTION = YES;
				GCC_WARN_UNUSED_VARIABLE = YES;
				IPHONEOS_DEPLOYMENT_TARGET = 8.0;
				MTL_ENABLE_DEBUG_INFO = NO;
				SDKROOT = iphoneos;
				TARGETED_DEVICE_FAMILY = "1,2";
				VALIDATE_PRODUCT = YES;
			};
			name = Release;
		};
		200D7FF01F500A0500364915 /* Debug */ = {
			isa = XCBuildConfiguration;
			buildSettings = {
				ASSETCATALOG_COMPILER_APPICON_NAME = AppIcon;
				DEVELOPMENT_TEAM = QH9L9GBR46;
				INFOPLIST_FILE = ZJHtmlRendererDemo/Info.plist;
				IPHONEOS_DEPLOYMENT_TARGET = 8.0;
				LD_RUNPATH_SEARCH_PATHS = "$(inherited) @executable_path/Frameworks";
				PRODUCT_BUNDLE_IDENTIFIER = com.evan.ZJHtmlRendererDemo;
				PRODUCT_NAME = "$(TARGET_NAME)";
			};
			name = Debug;
		};
		200D7FF11F500A0500364915 /* Release */ = {
			isa = XCBuildConfiguration;
			buildSettings = {
				ASSETCATALOG_COMPILER_APPICON_NAME = AppIcon;
				DEVELOPMENT_TEAM = QH9L9GBR46;
				INFOPLIST_FILE = ZJHtmlRendererDemo/Info.plist;
				IPHONEOS_DEPLOYMENT_TARGET = 8.0;
				LD_RUNPATH_SEARCH_PATHS = "$(inherited) @executable_path/Frameworks";
				PRODUCT_BUNDLE_IDENTIFIER = com.evan.ZJHtmlRendererDemo;
				PRODUCT_NAME = "$(TARGET_NAME)";
			};
			name = Release;
		};
		200D7FF31F500A0500364915 /* Debug */ = {
			isa = XCBuildConfiguration;
			buildSettings = {
				BUNDLE_LOADER = "$(TEST_HOST)";
				INFOPLIST_FILE = ZJHtmlRendererDemoTests/Info.plist;
				LD_RUNPATH_SEARCH_PATHS = "$(inherited) @executable_path/Frameworks @loader_path/Frameworks";
				PRODUCT_BUNDLE_IDENTIFIER = com.evan..ZJHtmlRendererDemoTests;
				PRODUCT_NAME = "$(TARGET_NAME)";
				TEST_HOST = "$(BUILT_PRODUCTS_DIR)/ZJHtmlRendererDemo.app/ZJHtmlRendererDemo";
			};
			name = Debug;
		};
		200D7FF41F500A0500364915 /* Release */ = {
			isa = XCBuildConfiguration;
			buildSettings = {
				BUNDLE_LOADER = "$(TEST_HOST)";
				INFOPLIST_FILE = ZJHtmlRendererDemoTests/Info.plist;
				LD_RUNPATH_SEARCH_PATHS = "$(inherited) @executable_path/Frameworks @loader_path/Frameworks";
				PRODUCT_BUNDLE_IDENTIFIER = com.evan..ZJHtmlRendererDemoTests;
				PRODUCT_NAME = "$(TARGET_NAME)";
				TEST_HOST = "$(BUILT_PRODUCTS_DIR)/ZJHtmlRendererDemo.app/ZJHtmlRendererDemo";
			};
			name = Release;
		};
		200D7FF61F500A0500364915 /* Debug */ = {
			isa = XCBuildConfiguration;
			buildSettings = {
				INFOPLIST_FILE = ZJHtmlRendererDemoUITests/Info.plist;
				LD_RUNPATH_SEARCH_PATHS = "$(inherited) @executable_path/Frameworks @loader_path/Frameworks";
				PRODUCT_BUNDLE_IDENTIFIER = com.evan..ZJHtmlRendererDemoUITests;
				PRODUCT_NAME = "$(TARGET_NAME)";
				TEST_TARGET_NAME = ZJHtmlRendererDemo;
			};
			name = Debug;
		};
		200D7FF71F500A0500364915 /* Release */ = {
			isa = XCBuildConfiguration;
			buildSettings = {
				INFOPLIST_FILE = ZJHtmlRendererDemoUITests/Info.plist;
				LD_RUNPATH_SEARCH_PATHS = "$(inherited) @executable_path/Frameworks @loader_path/Frameworks";
				PRODUCT_BUNDLE_IDENTIFIER = com.evan..ZJHtmlRendererDemoUITests;
				PRODUCT_NAME = "$(TARGET_NAME)";
				TEST_TARGET_NAME = ZJHtmlRendererDemo;
			};
			name = Release;
		};
/* End XCBuildConfiguration section */

/* Begin XCConfigurationList section */
		200D7FBD1F500A0500364915 /* Build configuration list for PBXProject "ZJHtmlRendererDemo" */ = {
			isa = XCConfigurationList;
			buildConfigurations = (
				200D7FED1F500A0500364915 /* Debug */,
				200D7FEE1F500A0500364915 /* Release */,
			);
			defaultConfigurationIsVisible = 0;
			defaultConfigurationName = Release;
		};
		200D7FEF1F500A0500364915 /* Build configuration list for PBXNativeTarget "ZJHtmlRendererDemo" */ = {
			isa = XCConfigurationList;
			buildConfigurations = (
				200D7FF01F500A0500364915 /* Debug */,
				200D7FF11F500A0500364915 /* Release */,
			);
			defaultConfigurationIsVisible = 0;
			defaultConfigurationName = Release;
		};
		200D7FF21F500A0500364915 /* Build configuration list for PBXNativeTarget "ZJHtmlRendererDemoTests" */ = {
			isa = XCConfigurationList;
			buildConfigurations = (
				200D7FF31F500A0500364915 /* Debug */,
				200D7FF41F500A0500364915 /* Release */,
			);
			defaultConfigurationIsVisible = 0;
			defaultConfigurationName = Release;
		};
		200D7FF51F500A0500364915 /* Build configuration list for PBXNativeTarget "ZJHtmlRendererDemoUITests" */ = {
			isa = XCConfigurationList;
			buildConfigurations = (
				200D7FF61F500A0500364915 /* Debug */,
				200D7FF71F500A0500364915 /* Release */,
			);
			defaultConfigurationIsVisible = 0;
			defaultConfigurationName = Release;
		};
/* End XCConfigurationList section */
	};
	rootObject = 200D7FBA1F500A0500364915 /* Project object */;
}
